
Microsoft Visual Studio Solution File, Format Version 11.00
# Visual Studio 2010
Project("{FAE04EC0-301F-11D3-BF4B-00C04F79EFBC}") = "MRV_Lab06", "Assembly-CSharp.csproj", "{72DA2601-183B-89CC-28B6-36F459D6ED34}"
EndProject
Project("{FAE04EC0-301F-11D3-BF4B-00C04F79EFBC}") = "MRV_Lab06", "Assembly-CSharp-firstpass.csproj", "{D932110D-A4A7-8571-0075-CA38D25E6D69}"
EndProject
Project("{FAE04EC0-301F-11D3-BF4B-00C04F79EFBC}") = "MRV_Lab06", "Assembly-CSharp-Editor-firstpass.csproj", "{67152CA1-48C0-C39B-2530-387362ED1AE0}"
EndProject
Project("{FAE04EC0-301F-11D3-BF4B-00C04F79EFBC}") = "MRV_Lab06", "Assembly-CSharp-Editor.csproj", "{D49446A8-7A09-EDE6-A27D-BA2C7129A345}"
EndProject
Global
	GlobalSection(SolutionConfigurationPlatforms) = preSolution
		Debug|Any CPU = Debug|Any CPU
		Release|Any CPU = Release|Any CPU
	EndGlobalSection
	GlobalSection(ProjectConfigurationPlatforms) = postSolution
		{72DA2601-183B-89CC-28B6-36F459D6ED34}.Debug|Any CPU.ActiveCfg = Debug|Any CPU
		{72DA2601-183B-89CC-28B6-36F459D6ED34}.Debug|Any CPU.Build.0 = Debug|Any CPU
		{72DA2601-183B-89CC-28B6-36F459D6ED34}.Release|Any CPU.ActiveCfg = Release|Any CPU
		{72DA2601-183B-89CC-28B6-36F459D6ED34}.Release|Any CPU.Build.0 = Release|Any CPU
		{D932110D-A4A7-8571-0075-CA38D25E6D69}.Debug|Any CPU.ActiveCfg = Debug|Any CPU
		{D932110D-A4A7-8571-0075-CA38D25E6D69}.Debug|Any CPU.Build.0 = Debug|Any CPU
		{D932110D-A4A7-8571-0075-CA38D25E6D69}.Release|Any CPU.ActiveCfg = Release|Any CPU
		{D932110D-A4A7-8571-0075-CA38D25E6D69}.Release|Any CPU.Build.0 = Release|Any CPU
		{67152CA1-48C0-C39B-2530-387362ED1AE0}.Debug|Any CPU.ActiveCfg = Debug|Any CPU
		{67152CA1-48C0-C39B-2530-387362ED1AE0}.Debug|Any CPU.Build.0 = Debug|Any CPU
		{67152CA1-48C0-C39B-2530-387362ED1AE0}.Release|Any CPU.ActiveCfg = Release|Any CPU
		{67152CA1-48C0-C39B-2530-387362ED1AE0}.Release|Any CPU.Build.0 = Release|Any CPU
		{D49446A8-7A09-EDE6-A27D-BA2C7129A345}.Debug|Any CPU.ActiveCfg = Debug|Any CPU
		{D49446A8-7A09-EDE6-A27D-BA2C7129A345}.Debug|Any CPU.Build.0 = Debug|Any CPU
		{D49446A8-7A09-EDE6-A27D-BA2C7129A345}.Release|Any CPU.ActiveCfg = Release|Any CPU
		{D49446A8-7A09-EDE6-A27D-BA2C7129A345}.Release|Any CPU.Build.0 = Release|Any CPU
	EndGlobalSection
	GlobalSection(SolutionProperties) = preSolution
		HideSolutionNode = FALSE
	EndGlobalSection
	GlobalSection(MonoDevelopProperties) = preSolution
		StartupItem = Assembly-CSharp.csproj
	EndGlobalSection
EndGlobal
